
Microsoft Visual Studio Solution File, Format Version 12.00
# Visual Studio Version 17
VisualStudioVersion = 17.9.34728.123
MinimumVisualStudioVersion = 10.0.40219.1
Project("{FAE04EC0-301F-11D3-BF4B-00C04F79EFBC}") = "GeoReaper", "GeoReaper\GeoReaper.csproj", "{5CAF2CE3-AAD9-4F64-A461-49E840440CEF}"
EndProject
Global
	GlobalSection(SolutionConfigurationPlatforms) = preSolution
		Debug|Any CPU = Debug|Any CPU
		Release|Any CPU = Release|Any CPU
	EndGlobalSection
	GlobalSection(ProjectConfigurationPlatforms) = postSolution
		{5CAF2CE3-AAD9-4F64-A461-49E840440CEF}.Debug|Any CPU.ActiveCfg = Debug|Any CPU
		{5CAF2CE3-AAD9-4F64-A461-49E840440CEF}.Debug|Any CPU.Build.0 = Debug|Any CPU
		{5CAF2CE3-AAD9-4F64-A461-49E840440CEF}.Release|Any CPU.ActiveCfg = Release|Any CPU
		{5CAF2CE3-AAD9-4F64-A461-49E840440CEF}.Release|Any CPU.Build.0 = Release|Any CPU
	EndGlobalSection
	GlobalSection(SolutionProperties) = preSolution
		HideSolutionNode = FALSE
	EndGlobalSection
	GlobalSection(ExtensibilityGlobals) = postSolution
		SolutionGuid = {A41147BD-04EF-40BA-B16E-7EB70A065D2F}
	EndGlobalSection
EndGlobal
